
Microsoft Visual Studio Solution File, Format Version 12.00
# Visual Studio 15
VisualStudioVersion = 15.0.28307.705
MinimumVisualStudioVersion = 10.0.40219.1
Project("{FAE04EC0-301F-11D3-BF4B-00C04F79EFBC}") = "LOLChess", "LOLChess\LOLChess.csproj", "{919DEE11-FF18-4EF5-AA82-40A1CC6E345C}"
EndProject
Global
	GlobalSection(SolutionConfigurationPlatforms) = preSolution
		Debug|Any CPU = Debug|Any CPU
		Release|Any CPU = Release|Any CPU
	EndGlobalSection
	GlobalSection(ProjectConfigurationPlatforms) = postSolution
		{919DEE11-FF18-4EF5-AA82-40A1CC6E345C}.Debug|Any CPU.ActiveCfg = Debug|Any CPU
		{919DEE11-FF18-4EF5-AA82-40A1CC6E345C}.Debug|Any CPU.Build.0 = Debug|Any CPU
		{919DEE11-FF18-4EF5-AA82-40A1CC6E345C}.Release|Any CPU.ActiveCfg = Release|Any CPU
		{919DEE11-FF18-4EF5-AA82-40A1CC6E345C}.Release|Any CPU.Build.0 = Release|Any CPU
	EndGlobalSection
	GlobalSection(SolutionProperties) = preSolution
		HideSolutionNode = FALSE
	EndGlobalSection
	GlobalSection(ExtensibilityGlobals) = postSolution
		SolutionGuid = {5EAD28AC-8311-4314-B17E-309F3FA4C90A}
	EndGlobalSection
EndGlobal
